# This is a Gradle generated file for dependency locking.
# Manual edits can break the build and are not advised.
# This file is expected to be part of source control.
android.arch.core:common:1.0.0
android.arch.lifecycle:common:1.0.0
android.arch.lifecycle:runtime:1.0.0
com.android.support:animated-vector-drawable:26.1.0
com.android.support:appcompat-v7:26.1.0
com.android.support:support-annotations:26.1.0
com.android.support:support-compat:26.1.0
com.android.support:support-core-ui:26.1.0
com.android.support:support-core-utils:26.1.0
com.android.support:support-fragment:26.1.0
com.android.support:support-media-compat:26.1.0
com.android.support:support-v4:26.1.0
com.android.support:support-vector-drawable:26.1.0
com.facebook.fbui.textlayoutbuilder:staticlayout-proxy:1.0
com.facebook.fbui.textlayoutbuilder:textlayoutbuilder:1.0.0
com.facebook.fresco:drawee:1.9.0
com.facebook.fresco:fbcore:1.9.0
com.facebook.fresco:fresco:1.9.0
com.facebook.fresco:imagepipeline-base:1.9.0
com.facebook.fresco:imagepipeline-okhttp3:1.9.0
com.facebook.fresco:imagepipeline:1.9.0
com.facebook.react:react-native:0.56.1
com.facebook.soloader:soloader:0.3.0
com.google.code.findbugs:jsr305:3.0.0
com.parse.bolts:bolts-tasks:1.4.0
com.squareup.okhttp3:okhttp-urlconnection:3.10.0
com.squareup.okhttp3:okhttp:3.10.0
com.squareup.okio:okio:1.14.0
javax.inject:javax.inject:1
org.webkit:android-jsc:r174650
